<?xml version="1.0" encoding="utf-8"?>
<Project ToolsVersion="4.0" xmlns="http://schemas.microsoft.com/developer/msbuild/2003">
  <ItemGroup>
    <Filter Include="Source Files">
      <UniqueIdentifier>{4FC737F1-C7A5-4376-A066-2A32D752A2FF}</UniqueIdentifier>
      <Extensions>cpp;c;cc;cxx;def;odl;idl;hpj;bat;asm;asmx</Extensions>
    </Filter>
    <Filter Include="Header Files">
      <UniqueIdentifier>{93995380-89BD-4b04-88EB-625FBE52EBFB}</UniqueIdentifier>
      <Extensions>h;hh;hpp;hxx;hm;inl;inc;xsd</Extensions>
    </Filter>
    <Filter Include="Resource Files">
      <UniqueIdentifier>{67DA6AB6-F800-4c08-8B7A-83BB121AAD01}</UniqueIdentifier>
      <Extensions>rc;ico;cur;bmp;dlg;rc2;rct;bin;rgs;gif;jpg;jpeg;jpe;resx;tiff;tif;png;wav;mfcribbon-ms</Extensions>
    </Filter>
    <Filter Include="Source Files\Figures">
      <UniqueIdentifier>{0d77450e-b73e-4540-822c-5fa3805126ec}</UniqueIdentifier>
    </Filter>
    <Filter Include="Source Files\Other">
      <UniqueIdentifier>{48bda6e1-2274-4698-9315-9d71a494a243}</UniqueIdentifier>
    </Filter>
    <Filter Include="Source Files\Pouches">
      <UniqueIdentifier>{78ab120e-daf4-458e-a518-e73a54f8d922}</UniqueIdentifier>
    </Filter>
    <Filter Include="Source Files\Pouches\PouchSource">
      <UniqueIdentifier>{ecd33a8e-1437-4b4f-8049-fb0503184b05}</UniqueIdentifier>
    </Filter>
  </ItemGroup>
  <ItemGroup>
    <Text Include="ReadMe.txt" />
    <Text Include="Plan.txt">
      <Filter>Source Files</Filter>
    </Text>
    <Text Include="Pouch.txt">
      <Filter>Source Files</Filter>
    </Text>
  </ItemGroup>
  <ItemGroup>
    <ClInclude Include="Figures\Circle.h">
      <Filter>Header Files</Filter>
    </ClInclude>
    <ClInclude Include="Figures\Figure.h">
      <Filter>Header Files</Filter>
    </ClInclude>
    <ClInclude Include="Figures\Figure2D.h">
      <Filter>Header Files</Filter>
    </ClInclude>
    <ClInclude Include="Figures\Rectangle.h">
      <Filter>Header Files</Filter>
    </ClInclude>
    <ClInclude Include="Figures\Square.h">
      <Filter>Header Files</Filter>
    </ClInclude>
    <ClInclude Include="Pouches\PouchSource\ConsolePouchSource.h">
      <Filter>Header Files</Filter>
    </ClInclude>
    <ClInclude Include="Pouches\PouchSource\FilePouchSource.h">
      <Filter>Header Files</Filter>
    </ClInclude>
    <ClInclude Include="Pouches\PouchSource\IPouchSource.h">
      <Filter>Header Files</Filter>
    </ClInclude>
    <ClInclude Include="Pouches\CirclePouch.h">
      <Filter>Header Files</Filter>
    </ClInclude>
    <ClInclude Include="Pouches\CommonPouch.h">
      <Filter>Header Files</Filter>
    </ClInclude>
    <ClInclude Include="Pouches\RectanglePouch.h">
      <Filter>Header Files</Filter>
    </ClInclude>
    <ClInclude Include="Pouches\SquarePouch.h">
      <Filter>Header Files</Filter>
    </ClInclude>
    <ClInclude Include="Other\FigureFactory.h">
      <Filter>Header Files</Filter>
    </ClInclude>
    <ClInclude Include="Other\Point.h">
      <Filter>Header Files</Filter>
    </ClInclude>
  </ItemGroup>
  <ItemGroup>
    <ClCompile Include="George.cpp">
      <Filter>Source Files</Filter>
    </ClCompile>
    <ClCompile Include="Figures\Circle.cpp">
      <Filter>Source Files\Figures</Filter>
    </ClCompile>
    <ClCompile Include="Figures\Figure.cpp">
      <Filter>Source Files\Figures</Filter>
    </ClCompile>
    <ClCompile Include="Figures\Figure2D.cpp">
      <Filter>Source Files\Figures</Filter>
    </ClCompile>
    <ClCompile Include="Figures\Rectangle.cpp">
      <Filter>Source Files\Figures</Filter>
    </ClCompile>
    <ClCompile Include="Figures\Square.cpp">
      <Filter>Source Files\Figures</Filter>
    </ClCompile>
    <ClCompile Include="Pouches\CirclePouch.cpp">
      <Filter>Source Files\Pouches</Filter>
    </ClCompile>
    <ClCompile Include="Pouches\CommonPouch.cpp">
      <Filter>Source Files\Pouches</Filter>
    </ClCompile>
    <ClCompile Include="Pouches\RectanglePouch.cpp">
      <Filter>Source Files\Pouches</Filter>
    </ClCompile>
    <ClCompile Include="Pouches\SquarePouch.cpp">
      <Filter>Source Files\Pouches</Filter>
    </ClCompile>
    <ClCompile Include="Pouches\PouchSource\FilePouchSource.cpp">
      <Filter>Source Files\Pouches\PouchSource</Filter>
    </ClCompile>
    <ClCompile Include="Pouches\PouchSource\ConsolePouchSource.cpp">
      <Filter>Source Files\Pouches\PouchSource</Filter>
    </ClCompile>
    <ClCompile Include="Pouches\PouchSource\IPouchSource.cpp">
      <Filter>Source Files\Pouches\PouchSource</Filter>
    </ClCompile>
    <ClCompile Include="Other\FigureFactory.cpp">
      <Filter>Source Files\Other</Filter>
    </ClCompile>
    <ClCompile Include="Other\Point.cpp">
      <Filter>Source Files\Other</Filter>
    </ClCompile>
  </ItemGroup>
</Project>