<?xml version="1.0" encoding="utf-8"?>
<Project ToolsVersion="4.0" xmlns="http://schemas.microsoft.com/developer/msbuild/2003">
  <ItemGroup>
    <Filter Include="Source Files">
      <UniqueIdentifier>{4FC737F1-C7A5-4376-A066-2A32D752A2FF}</UniqueIdentifier>
      <Extensions>cpp;c;cc;cxx;def;odl;idl;hpj;bat;asm;asmx</Extensions>
    </Filter>
    <Filter Include="Header Files">
      <UniqueIdentifier>{93995380-89BD-4b04-88EB-625FBE52EBFB}</UniqueIdentifier>
      <Extensions>h;hh;hpp;hxx;hm;inl;inc;xsd</Extensions>
    </Filter>
    <Filter Include="Resource Files">
      <UniqueIdentifier>{67DA6AB6-F800-4c08-8B7A-83BB121AAD01}</UniqueIdentifier>
      <Extensions>rc;ico;cur;bmp;dlg;rc2;rct;bin;rgs;gif;jpg;jpeg;jpe;resx;tiff;tif;png;wav;mfcribbon-ms</Extensions>
    </Filter>
    <Filter Include="Source Files\Figures">
      <UniqueIdentifier>{c99e7716-4022-4219-9000-e6b0cbb7cc20}</UniqueIdentifier>
    </Filter>
  </ItemGroup>
  <ItemGroup>
    <Text Include="ReadMe.txt" />
  </ItemGroup>
  <ItemGroup>
    <ClInclude Include="stdafx.h">
      <Filter>Header Files</Filter>
    </ClInclude>
    <ClInclude Include="targetver.h">
      <Filter>Header Files</Filter>
    </ClInclude>
    <ClInclude Include="Figure.h">
      <Filter>Header Files</Filter>
    </ClInclude>
    <ClInclude Include="Rectangle.h">
      <Filter>Header Files</Filter>
    </ClInclude>
    <ClInclude Include="Square.h">
      <Filter>Header Files</Filter>
    </ClInclude>
    <ClInclude Include="Circle.h">
      <Filter>Header Files</Filter>
    </ClInclude>
    <ClInclude Include="Figures\Circle.h">
      <Filter>Source Files\Figures</Filter>
    </ClInclude>
    <ClInclude Include="Figures\CirclePouch.h">
      <Filter>Source Files\Figures</Filter>
    </ClInclude>
    <ClInclude Include="Figures\CommonPouch.h">
      <Filter>Source Files\Figures</Filter>
    </ClInclude>
    <ClInclude Include="Figures\Figure.h">
      <Filter>Source Files\Figures</Filter>
    </ClInclude>
    <ClInclude Include="Figures\Figure2D.h">
      <Filter>Source Files\Figures</Filter>
    </ClInclude>
    <ClInclude Include="Figures\Point.h">
      <Filter>Source Files\Figures</Filter>
    </ClInclude>
    <ClInclude Include="Figures\Rectangle.h">
      <Filter>Source Files\Figures</Filter>
    </ClInclude>
    <ClInclude Include="Figures\RectanglePouch.h">
      <Filter>Source Files\Figures</Filter>
    </ClInclude>
    <ClInclude Include="Figures\Square.h">
      <Filter>Source Files\Figures</Filter>
    </ClInclude>
    <ClInclude Include="Figures\SquarePouch.h">
      <Filter>Source Files\Figures</Filter>
    </ClInclude>
    <ClInclude Include="Figures\FigureFactory.h">
      <Filter>Source Files\Figures</Filter>
    </ClInclude>
  </ItemGroup>
  <ItemGroup>
    <ClCompile Include="George.cpp">
      <Filter>Source Files</Filter>
    </ClCompile>
    <ClCompile Include="Figures\Circle.cpp">
      <Filter>Source Files\Figures</Filter>
    </ClCompile>
    <ClCompile Include="Figures\CirclePouch.cpp">
      <Filter>Source Files\Figures</Filter>
    </ClCompile>
    <ClCompile Include="Figures\CommonPouch.cpp">
      <Filter>Source Files\Figures</Filter>
    </ClCompile>
    <ClCompile Include="Figures\Figure.cpp">
      <Filter>Source Files\Figures</Filter>
    </ClCompile>
    <ClCompile Include="Figures\Figure2D.cpp">
      <Filter>Source Files\Figures</Filter>
    </ClCompile>
    <ClCompile Include="Figures\Point.cpp">
      <Filter>Source Files\Figures</Filter>
    </ClCompile>
    <ClCompile Include="Figures\Rectangle.cpp">
      <Filter>Source Files\Figures</Filter>
    </ClCompile>
    <ClCompile Include="Figures\RectanglePouch.cpp">
      <Filter>Source Files\Figures</Filter>
    </ClCompile>
    <ClCompile Include="Figures\Square.cpp">
      <Filter>Source Files\Figures</Filter>
    </ClCompile>
    <ClCompile Include="Figures\SquarePouch.cpp">
      <Filter>Source Files\Figures</Filter>
    </ClCompile>
    <ClCompile Include="Figures\FigureFactory.cpp">
      <Filter>Source Files\Figures</Filter>
    </ClCompile>
  </ItemGroup>
</Project>